
Microsoft Visual Studio Solution File, Format Version 12.00
# Visual Studio Version 17
VisualStudioVersion = 17.0.31912.275
MinimumVisualStudioVersion = 10.0.40219.1
Project("{9A19103F-16F7-4668-BE54-9A1E7A4F7556}") = "OrderFactory.GuidGenerator", "OrderFactory.GuidGenerator\OrderFactory.GuidGenerator.csproj", "{9E576114-BFC0-4A30-BA69-E4365F2D2115}"
EndProject
Project("{FAE04EC0-301F-11D3-BF4B-00C04F79EFBC}") = "OrderFactory.GuidGenerator.Tests", "OrderFactory.GuidGenerator.Tests\OrderFactory.GuidGenerator.Tests.csproj", "{EBDA823C-7546-4884-BDDB-D8C0F5A03897}"
EndProject
Global
	GlobalSection(SolutionConfigurationPlatforms) = preSolution
		Debug|Any CPU = Debug|Any CPU
		Release|Any CPU = Release|Any CPU
	EndGlobalSection
	GlobalSection(ProjectConfigurationPlatforms) = postSolution
		{9E576114-BFC0-4A30-BA69-E4365F2D2115}.Debug|Any CPU.ActiveCfg = Debug|Any CPU
		{9E576114-BFC0-4A30-BA69-E4365F2D2115}.Debug|Any CPU.Build.0 = Debug|Any CPU
		{9E576114-BFC0-4A30-BA69-E4365F2D2115}.Release|Any CPU.ActiveCfg = Release|Any CPU
		{9E576114-BFC0-4A30-BA69-E4365F2D2115}.Release|Any CPU.Build.0 = Release|Any CPU
		{EBDA823C-7546-4884-BDDB-D8C0F5A03897}.Debug|Any CPU.ActiveCfg = Debug|Any CPU
		{EBDA823C-7546-4884-BDDB-D8C0F5A03897}.Debug|Any CPU.Build.0 = Debug|Any CPU
		{EBDA823C-7546-4884-BDDB-D8C0F5A03897}.Release|Any CPU.ActiveCfg = Release|Any CPU
		{EBDA823C-7546-4884-BDDB-D8C0F5A03897}.Release|Any CPU.Build.0 = Release|Any CPU
	EndGlobalSection
	GlobalSection(SolutionProperties) = preSolution
		HideSolutionNode = FALSE
	EndGlobalSection
	GlobalSection(ExtensibilityGlobals) = postSolution
		SolutionGuid = {FDC20DE6-2960-45A8-8210-FC1D7A5053A2}
	EndGlobalSection
EndGlobal
